{
  "requires": true,
  "lockfileVersion": 1,
  "dependencies": {
    "@tinymce/tinymce-vue": {
      "version": "4.0.3",
      "resolved": "https://registry.npmjs.org/@tinymce/tinymce-vue/-/tinymce-vue-4.0.3.tgz",
      "integrity": "sha512-8wJ9hM5dTOhsaffBAxeaigkOwUJcOAgfMRD47tewJS6vezVDttIIpqrBV+5Y9xtnJ6SM/RZuUz19XBg+ra85gg=="
    }
  }
}
